// !$*UTF8*$!
{
	archiveVersion = 1;
	classes = {
	};
	objectVersion = 70;
	objects = {

/* Begin PBXBuildFile section */
		6E8275872E3142B300780973 /* FirebaseAuth in Frameworks */ = {isa = PBXBuildFile; productRef = 6E8275862E3142B300780973 /* FirebaseAuth */; };
		6E82758A2E3142E100780973 /* SwiftUIExtensions in Frameworks */ = {isa = PBXBuildFile; productRef = 6E8275892E3142E100780973 /* SwiftUIExtensions */; };
		6EAEC8862E321A2D0031EDAF /* FirebaseAnalytics in Frameworks */ = {isa = PBXBuildFile; productRef = 6EAEC8852E321A2D0031EDAF /* FirebaseAnalytics */; };
		6EAEC8882E321AAA0031EDAF /* FirebaseCrashlytics in Frameworks */ = {isa = PBXBuildFile; productRef = 6EAEC8872E321AAA0031EDAF /* FirebaseCrashlytics */; };
		6EAEC88F2E322F060031EDAF /* FirebaseRemoteConfig in Frameworks */ = {isa = PBXBuildFile; productRef = 6EAEC88E2E322F060031EDAF /* FirebaseRemoteConfig */; };
		6EC7C8722A18439800C783F0 /* Almost.swift in Sources */ = {isa = PBXBuildFile; fileRef = 6EC7C8712A18439800C783F0 /* Almost.swift */; };
		6EFD09B82E3000A300475D32 /* FirebaseCore in Frameworks */ = {isa = PBXBuildFile; productRef = 6EFD09B72E3000A300475D32 /* FirebaseCore */; };
		6EFD09BA2E300CE900475D32 /* FirebaseFirestore in Frameworks */ = {isa = PBXBuildFile; productRef = 6EFD09B92E300CE900475D32 /* FirebaseFirestore */; };
/* End PBXBuildFile section */

/* Begin PBXContainerItemProxy section */
		6E386F2B2D69E001000963DD /* PBXContainerItemProxy */ = {
			isa = PBXContainerItemProxy;
			containerPortal = 6E48373D28EC991100B67CA4 /* Project object */;
			proxyType = 1;
			remoteGlobalIDString = 6E48374428EC991100B67CA4;
			remoteInfo = KeepinOn;
		};
/* End PBXContainerItemProxy section */

/* Begin PBXFileReference section */
		6E10D4E62D66446600EACE37 /* extensions */ = {isa = PBXFileReference; lastKnownFileType = wrapper; path = extensions; sourceTree = "<group>"; };
		6E10D4E72D66447E00EACE37 /* LICENSE */ = {isa = PBXFileReference; lastKnownFileType = text; path = LICENSE; sourceTree = "<group>"; };
		6E10D4E82D66447E00EACE37 /* README.md */ = {isa = PBXFileReference; lastKnownFileType = net.daringfireball.markdown; path = README.md; sourceTree = "<group>"; };
		6E37D5FC2E314A3800F7D712 /* Almost?.app */ = {isa = PBXFileReference; explicitFileType = wrapper.application; includeInIndex = 0; path = "Almost?.app"; sourceTree = BUILT_PRODUCTS_DIR; };
		6E37D5FD2E314A3800F7D712 /* AlmostUITests.xctest */ = {isa = PBXFileReference; explicitFileType = wrapper.cfbundle; includeInIndex = 0; path = AlmostUITests.xctest; sourceTree = BUILT_PRODUCTS_DIR; };
		6EC7C8712A18439800C783F0 /* Almost.swift */ = {isa = PBXFileReference; lastKnownFileType = sourcecode.swift; path = Almost.swift; sourceTree = "<group>"; };
/* End PBXFileReference section */

/* Begin PBXFileSystemSynchronizedBuildFileExceptionSet section */
		6E386F312D69E01F000963DD /* PBXFileSystemSynchronizedBuildFileExceptionSet */ = {
			isa = PBXFileSystemSynchronizedBuildFileExceptionSet;
			membershipExceptions = (
				ui.swift,
			);
			target = 6E386F242D69E001000963DD /* AlmostUITests */;
		};
		6E8937082D662B1300379273 /* PBXFileSystemSynchronizedBuildFileExceptionSet */ = {
			isa = PBXFileSystemSynchronizedBuildFileExceptionSet;
			membershipExceptions = (
				Assets.xcassets,
				"GoogleService-Info.plist",
				previews/preview.swift,
			);
			target = 6E48374428EC991100B67CA4 /* Almost? */;
		};
		6EC5D92A2E3158A5008B53B8 /* PBXFileSystemSynchronizedBuildFileExceptionSet */ = {
			isa = PBXFileSystemSynchronizedBuildFileExceptionSet;
			membershipExceptions = (
				AddInsightButton.swift,
				AlmostView.swift,
				AuthenticationButton.swift,
				AuthenticationView.swift,
				EditInsightView.swift,
				"Firebase/Insight+Firestore.swift",
				Firebase/Settings.swift,
				Firebase/trackScreen.swift,
				Firebase/UserSession.swift,
				Insight.swift,
				InsightDetailView.swift,
				InsightsList.swift,
				JourneyView.swift,
			);
			target = 6E48374428EC991100B67CA4 /* Almost? */;
		};
/* End PBXFileSystemSynchronizedBuildFileExceptionSet section */

/* Begin PBXFileSystemSynchronizedRootGroup section */
		6E8937042D662AF700379273 /* test */ = {isa = PBXFileSystemSynchronizedRootGroup; exceptions = (6E386F312D69E01F000963DD /* PBXFileSystemSynchronizedBuildFileExceptionSet */, ); explicitFileTypes = {}; explicitFolders = (); path = test; sourceTree = "<group>"; };
		6E8937072D662B0B00379273 /* resource */ = {isa = PBXFileSystemSynchronizedRootGroup; exceptions = (6E8937082D662B1300379273 /* PBXFileSystemSynchronizedBuildFileExceptionSet */, ); explicitFileTypes = {}; explicitFolders = (); path = resource; sourceTree = "<group>"; };
		6EC5D9202E3158A0008B53B8 /* source */ = {isa = PBXFileSystemSynchronizedRootGroup; exceptions = (6EC5D92A2E3158A5008B53B8 /* PBXFileSystemSynchronizedBuildFileExceptionSet */, ); explicitFileTypes = {}; explicitFolders = (); path = source; sourceTree = "<group>"; };
/* End PBXFileSystemSynchronizedRootGroup section */

/* Begin PBXFrameworksBuildPhase section */
		6E386F222D69E001000963DD /* Frameworks */ = {
			isa = PBXFrameworksBuildPhase;
			buildActionMask = 2147483647;
			files = (
			);
			runOnlyForDeploymentPostprocessing = 0;
		};
		6E48374228EC991100B67CA4 /* Frameworks */ = {
			isa = PBXFrameworksBuildPhase;
			buildActionMask = 2147483647;
			files = (
				6EFD09B82E3000A300475D32 /* FirebaseCore in Frameworks */,
				6EFD09BA2E300CE900475D32 /* FirebaseFirestore in Frameworks */,
				6E82758A2E3142E100780973 /* SwiftUIExtensions in Frameworks */,
				6EAEC88F2E322F060031EDAF /* FirebaseRemoteConfig in Frameworks */,
				6EAEC8882E321AAA0031EDAF /* FirebaseCrashlytics in Frameworks */,
				6EAEC8862E321A2D0031EDAF /* FirebaseAnalytics in Frameworks */,
				6E8275872E3142B300780973 /* FirebaseAuth in Frameworks */,
			);
			runOnlyForDeploymentPostprocessing = 0;
		};
/* End PBXFrameworksBuildPhase section */

/* Begin PBXGroup section */
		6E48373C28EC991100B67CA4 = {
			isa = PBXGroup;
			children = (
				6E10D4E82D66447E00EACE37 /* README.md */,
				6EC7C8712A18439800C783F0 /* Almost.swift */,
				6EC5D9202E3158A0008B53B8 /* source */,
				6E10D4E62D66446600EACE37 /* extensions */,
				6E8937072D662B0B00379273 /* resource */,
				6E8937042D662AF700379273 /* test */,
				6E10D4E72D66447E00EACE37 /* LICENSE */,
				6E37D5FC2E314A3800F7D712 /* Almost?.app */,
				6E37D5FD2E314A3800F7D712 /* AlmostUITests.xctest */,
			);
			sourceTree = "<group>";
		};
/* End PBXGroup section */

/* Begin PBXNativeTarget section */
		6E386F242D69E001000963DD /* AlmostUITests */ = {
			isa = PBXNativeTarget;
			buildConfigurationList = 6E386F2D2D69E001000963DD /* Build configuration list for PBXNativeTarget "AlmostUITests" */;
			buildPhases = (
				6E386F212D69E001000963DD /* Sources */,
				6E386F222D69E001000963DD /* Frameworks */,
				6E386F232D69E001000963DD /* Resources */,
			);
			buildRules = (
			);
			dependencies = (
				6E386F2C2D69E001000963DD /* PBXTargetDependency */,
			);
			name = AlmostUITests;
			packageProductDependencies = (
			);
			productName = KeepinOnUITests;
			productReference = 6E37D5FD2E314A3800F7D712 /* AlmostUITests.xctest */;
			productType = "com.apple.product-type.bundle.ui-testing";
		};
		6E48374428EC991100B67CA4 /* Almost? */ = {
			isa = PBXNativeTarget;
			buildConfigurationList = 6E48375328EC991200B67CA4 /* Build configuration list for PBXNativeTarget "Almost?" */;
			buildPhases = (
				6E48374128EC991100B67CA4 /* Sources */,
				6E48374228EC991100B67CA4 /* Frameworks */,
				6E48374328EC991100B67CA4 /* Resources */,
			);
			buildRules = (
			);
			dependencies = (
				6E10D4F32D66535100EACE37 /* PBXTargetDependency */,
			);
			name = "Almost?";
			packageProductDependencies = (
				6EFD09B72E3000A300475D32 /* FirebaseCore */,
				6EFD09B92E300CE900475D32 /* FirebaseFirestore */,
				6E8275862E3142B300780973 /* FirebaseAuth */,
				6E8275892E3142E100780973 /* SwiftUIExtensions */,
				6EAEC8852E321A2D0031EDAF /* FirebaseAnalytics */,
				6EAEC8872E321AAA0031EDAF /* FirebaseCrashlytics */,
				6EAEC88E2E322F060031EDAF /* FirebaseRemoteConfig */,
			);
			productName = KeepinOn;
			productReference = 6E37D5FC2E314A3800F7D712 /* Almost?.app */;
			productType = "com.apple.product-type.application";
		};
/* End PBXNativeTarget section */

/* Begin PBXProject section */
		6E48373D28EC991100B67CA4 /* Project object */ = {
			isa = PBXProject;
			attributes = {
				BuildIndependentTargetsInParallel = 1;
				LastSwiftUpdateCheck = 1640;
				LastUpgradeCheck = 1640;
				TargetAttributes = {
					6E386F242D69E001000963DD = {
						CreatedOnToolsVersion = 16.2;
						TestTargetID = 6E48374428EC991100B67CA4;
					};
					6E48374428EC991100B67CA4 = {
						CreatedOnToolsVersion = 14.0.1;
						LastSwiftMigration = 1430;
					};
				};
			};
			buildConfigurationList = 6E48374028EC991100B67CA4 /* Build configuration list for PBXProject "portfolio" */;
			compatibilityVersion = "Xcode 14.0";
			developmentRegion = en;
			hasScannedForEncodings = 0;
			knownRegions = (
				en,
				de,
				Base,
			);
			mainGroup = 6E48373C28EC991100B67CA4;
			packageReferences = (
				6E10D4F12D66534700EACE37 /* XCRemoteSwiftPackageReference "SwiftLintPlugins" */,
				6EB5D4432E2E97900078D1AD /* XCRemoteSwiftPackageReference "firebase-ios-sdk" */,
			);
			productRefGroup = 6E48373C28EC991100B67CA4;
			projectDirPath = "";
			projectRoot = "";
			targets = (
				6E48374428EC991100B67CA4 /* Almost? */,
				6E386F242D69E001000963DD /* AlmostUITests */,
			);
		};
/* End PBXProject section */

/* Begin PBXResourcesBuildPhase section */
		6E386F232D69E001000963DD /* Resources */ = {
			isa = PBXResourcesBuildPhase;
			buildActionMask = 2147483647;
			files = (
			);
			runOnlyForDeploymentPostprocessing = 0;
		};
		6E48374328EC991100B67CA4 /* Resources */ = {
			isa = PBXResourcesBuildPhase;
			buildActionMask = 2147483647;
			files = (
			);
			runOnlyForDeploymentPostprocessing = 0;
		};
/* End PBXResourcesBuildPhase section */

/* Begin PBXSourcesBuildPhase section */
		6E386F212D69E001000963DD /* Sources */ = {
			isa = PBXSourcesBuildPhase;
			buildActionMask = 2147483647;
			files = (
			);
			runOnlyForDeploymentPostprocessing = 0;
		};
		6E48374128EC991100B67CA4 /* Sources */ = {
			isa = PBXSourcesBuildPhase;
			buildActionMask = 2147483647;
			files = (
				6EC7C8722A18439800C783F0 /* Almost.swift in Sources */,
			);
			runOnlyForDeploymentPostprocessing = 0;
		};
/* End PBXSourcesBuildPhase section */

/* Begin PBXTargetDependency section */
		6E10D4F32D66535100EACE37 /* PBXTargetDependency */ = {
			isa = PBXTargetDependency;
			productRef = 6E10D4F22D66535100EACE37 /* SwiftLintBuildToolPlugin */;
		};
		6E386F2C2D69E001000963DD /* PBXTargetDependency */ = {
			isa = PBXTargetDependency;
			target = 6E48374428EC991100B67CA4 /* Almost? */;
			targetProxy = 6E386F2B2D69E001000963DD /* PBXContainerItemProxy */;
		};
/* End PBXTargetDependency section */

/* Begin XCBuildConfiguration section */
		6E386F2E2D69E001000963DD /* Debug */ = {
			isa = XCBuildConfiguration;
			buildSettings = {
				CLANG_ANALYZER_NONNULL = YES;
				CLANG_ANALYZER_NUMBER_OBJECT_CONVERSION = YES_AGGRESSIVE;
				CLANG_CXX_LANGUAGE_STANDARD = "gnu++20";
				CLANG_ENABLE_MODULES = YES;
				CLANG_ENABLE_OBJC_ARC = YES;
				CLANG_ENABLE_OBJC_WEAK = YES;
				CLANG_WARN_BLOCK_CAPTURE_AUTORELEASING = YES;
				CLANG_WARN_BOOL_CONVERSION = YES;
				CLANG_WARN_COMMA = YES;
				CLANG_WARN_CONSTANT_CONVERSION = YES;
				CLANG_WARN_DEPRECATED_OBJC_IMPLEMENTATIONS = YES;
				CLANG_WARN_DIRECT_OBJC_ISA_USAGE = YES_ERROR;
				CLANG_WARN_DOCUMENTATION_COMMENTS = YES;
				CLANG_WARN_EMPTY_BODY = YES;
				CLANG_WARN_ENUM_CONVERSION = YES;
				CLANG_WARN_INFINITE_RECURSION = YES;
				CLANG_WARN_INT_CONVERSION = YES;
				CLANG_WARN_NON_LITERAL_NULL_CONVERSION = YES;
				CLANG_WARN_OBJC_IMPLICIT_RETAIN_SELF = YES;
				CLANG_WARN_OBJC_LITERAL_CONVERSION = YES;
				CLANG_WARN_OBJC_ROOT_CLASS = YES_ERROR;
				CLANG_WARN_QUOTED_INCLUDE_IN_FRAMEWORK_HEADER = YES;
				CLANG_WARN_RANGE_LOOP_ANALYSIS = YES;
				CLANG_WARN_STRICT_PROTOTYPES = YES;
				CLANG_WARN_SUSPICIOUS_MOVE = YES;
				CLANG_WARN_UNGUARDED_AVAILABILITY = YES_AGGRESSIVE;
				CLANG_WARN_UNREACHABLE_CODE = YES;
				CLANG_WARN__DUPLICATE_METHOD_MATCH = YES;
				CODE_SIGN_STYLE = Automatic;
				COPY_PHASE_STRIP = NO;
				CURRENT_PROJECT_VERSION = 1;
				DEBUG_INFORMATION_FORMAT = dwarf;
				ENABLE_STRICT_OBJC_MSGSEND = YES;
				ENABLE_TESTABILITY = YES;
				ENABLE_USER_SCRIPT_SANDBOXING = YES;
				GCC_C_LANGUAGE_STANDARD = gnu17;
				GCC_DYNAMIC_NO_PIC = NO;
				GCC_NO_COMMON_BLOCKS = YES;
				GCC_OPTIMIZATION_LEVEL = 0;
				GCC_PREPROCESSOR_DEFINITIONS = (
					"DEBUG=1",
					"$(inherited)",
				);
				GCC_WARN_64_TO_32_BIT_CONVERSION = YES;
				GCC_WARN_ABOUT_RETURN_TYPE = YES_ERROR;
				GCC_WARN_UNDECLARED_SELECTOR = YES;
				GCC_WARN_UNINITIALIZED_AUTOS = YES_AGGRESSIVE;
				GCC_WARN_UNUSED_FUNCTION = YES;
				GCC_WARN_UNUSED_VARIABLE = YES;
				GENERATE_INFOPLIST_FILE = YES;
				IPHONEOS_DEPLOYMENT_TARGET = 18.2;
				LOCALIZATION_PREFERS_STRING_CATALOGS = YES;
				MARKETING_VERSION = 1.0;
				MTL_ENABLE_DEBUG_INFO = INCLUDE_SOURCE;
				MTL_FAST_MATH = YES;
				ONLY_ACTIVE_ARCH = YES;
				PRODUCT_BUNDLE_IDENTIFIER = dev.leolem.KeepinOnUITests;
				PRODUCT_NAME = "$(TARGET_NAME)";
				SWIFT_ACTIVE_COMPILATION_CONDITIONS = "DEBUG $(inherited)";
				SWIFT_EMIT_LOC_STRINGS = NO;
				SWIFT_OPTIMIZATION_LEVEL = "-Onone";
				SWIFT_VERSION = 5.0;
				TARGETED_DEVICE_FAMILY = "1,2";
				TEST_TARGET_NAME = KeepinOn;
			};
			name = Debug;
		};
		6E386F2F2D69E001000963DD /* Release */ = {
			isa = XCBuildConfiguration;
			buildSettings = {
				CLANG_ANALYZER_NONNULL = YES;
				CLANG_ANALYZER_NUMBER_OBJECT_CONVERSION = YES_AGGRESSIVE;
				CLANG_CXX_LANGUAGE_STANDARD = "gnu++20";
				CLANG_ENABLE_MODULES = YES;
				CLANG_ENABLE_OBJC_ARC = YES;
				CLANG_ENABLE_OBJC_WEAK = YES;
				CLANG_WARN_BLOCK_CAPTURE_AUTORELEASING = YES;
				CLANG_WARN_BOOL_CONVERSION = YES;
				CLANG_WARN_COMMA = YES;
				CLANG_WARN_CONSTANT_CONVERSION = YES;
				CLANG_WARN_DEPRECATED_OBJC_IMPLEMENTATIONS = YES;
				CLANG_WARN_DIRECT_OBJC_ISA_USAGE = YES_ERROR;
				CLANG_WARN_DOCUMENTATION_COMMENTS = YES;
				CLANG_WARN_EMPTY_BODY = YES;
				CLANG_WARN_ENUM_CONVERSION = YES;
				CLANG_WARN_INFINITE_RECURSION = YES;
				CLANG_WARN_INT_CONVERSION = YES;
				CLANG_WARN_NON_LITERAL_NULL_CONVERSION = YES;
				CLANG_WARN_OBJC_IMPLICIT_RETAIN_SELF = YES;
				CLANG_WARN_OBJC_LITERAL_CONVERSION = YES;
				CLANG_WARN_OBJC_ROOT_CLASS = YES_ERROR;
				CLANG_WARN_QUOTED_INCLUDE_IN_FRAMEWORK_HEADER = YES;
				CLANG_WARN_RANGE_LOOP_ANALYSIS = YES;
				CLANG_WARN_STRICT_PROTOTYPES = YES;
				CLANG_WARN_SUSPICIOUS_MOVE = YES;
				CLANG_WARN_UNGUARDED_AVAILABILITY = YES_AGGRESSIVE;
				CLANG_WARN_UNREACHABLE_CODE = YES;
				CLANG_WARN__DUPLICATE_METHOD_MATCH = YES;
				CODE_SIGN_STYLE = Automatic;
				COPY_PHASE_STRIP = NO;
				CURRENT_PROJECT_VERSION = 1;
				DEBUG_INFORMATION_FORMAT = "dwarf-with-dsym";
				ENABLE_NS_ASSERTIONS = NO;
				ENABLE_STRICT_OBJC_MSGSEND = YES;
				ENABLE_USER_SCRIPT_SANDBOXING = YES;
				GCC_C_LANGUAGE_STANDARD = gnu17;
				GCC_NO_COMMON_BLOCKS = YES;
				GCC_WARN_64_TO_32_BIT_CONVERSION = YES;
				GCC_WARN_ABOUT_RETURN_TYPE = YES_ERROR;
				GCC_WARN_UNDECLARED_SELECTOR = YES;
				GCC_WARN_UNINITIALIZED_AUTOS = YES_AGGRESSIVE;
				GCC_WARN_UNUSED_FUNCTION = YES;
				GCC_WARN_UNUSED_VARIABLE = YES;
				GENERATE_INFOPLIST_FILE = YES;
				IPHONEOS_DEPLOYMENT_TARGET = 18.2;
				LOCALIZATION_PREFERS_STRING_CATALOGS = YES;
				MARKETING_VERSION = 1.0;
				MTL_ENABLE_DEBUG_INFO = NO;
				MTL_FAST_MATH = YES;
				PRODUCT_BUNDLE_IDENTIFIER = dev.leolem.KeepinOnUITests;
				PRODUCT_NAME = "$(TARGET_NAME)";
				SWIFT_COMPILATION_MODE = wholemodule;
				SWIFT_EMIT_LOC_STRINGS = NO;
				SWIFT_VERSION = 5.0;
				TARGETED_DEVICE_FAMILY = "1,2";
				TEST_TARGET_NAME = KeepinOn;
				VALIDATE_PRODUCT = YES;
			};
			name = Release;
		};
		6E48375128EC991200B67CA4 /* Debug */ = {
			isa = XCBuildConfiguration;
			buildSettings = {
				ALWAYS_SEARCH_USER_PATHS = NO;
				ASSETCATALOG_COMPILER_GENERATE_SWIFT_ASSET_SYMBOL_EXTENSIONS = YES;
				CLANG_ANALYZER_LOCALIZABILITY_NONLOCALIZED = YES;
				CLANG_WARN_BLOCK_CAPTURE_AUTORELEASING = YES;
				CLANG_WARN_BOOL_CONVERSION = YES;
				CLANG_WARN_COMMA = YES;
				CLANG_WARN_CONSTANT_CONVERSION = YES;
				CLANG_WARN_DEPRECATED_OBJC_IMPLEMENTATIONS = YES;
				CLANG_WARN_EMPTY_BODY = YES;
				CLANG_WARN_ENUM_CONVERSION = YES;
				CLANG_WARN_INFINITE_RECURSION = YES;
				CLANG_WARN_INT_CONVERSION = YES;
				CLANG_WARN_NON_LITERAL_NULL_CONVERSION = YES;
				CLANG_WARN_OBJC_IMPLICIT_RETAIN_SELF = YES;
				CLANG_WARN_OBJC_LITERAL_CONVERSION = YES;
				CLANG_WARN_QUOTED_INCLUDE_IN_FRAMEWORK_HEADER = YES;
				CLANG_WARN_RANGE_LOOP_ANALYSIS = YES;
				CLANG_WARN_STRICT_PROTOTYPES = YES;
				CLANG_WARN_SUSPICIOUS_MOVE = YES;
				CLANG_WARN_UNREACHABLE_CODE = YES;
				CLANG_WARN__DUPLICATE_METHOD_MATCH = YES;
				DEVELOPMENT_TEAM = 4UUEFBYP76;
				ENABLE_STRICT_OBJC_MSGSEND = YES;
				ENABLE_TESTABILITY = YES;
				GCC_NO_COMMON_BLOCKS = YES;
				GCC_WARN_64_TO_32_BIT_CONVERSION = YES;
				GCC_WARN_ABOUT_RETURN_TYPE = YES;
				GCC_WARN_UNDECLARED_SELECTOR = YES;
				GCC_WARN_UNINITIALIZED_AUTOS = YES;
				GCC_WARN_UNUSED_FUNCTION = YES;
				GCC_WARN_UNUSED_VARIABLE = YES;
				ONLY_ACTIVE_ARCH = YES;
				SDKROOT = iphoneos;
				SWIFT_ACTIVE_COMPILATION_CONDITIONS = DEBUG;
				SWIFT_OPTIMIZATION_LEVEL = "-Onone";
			};
			name = Debug;
		};
		6E48375228EC991200B67CA4 /* Release */ = {
			isa = XCBuildConfiguration;
			buildSettings = {
				ALWAYS_SEARCH_USER_PATHS = NO;
				ASSETCATALOG_COMPILER_GENERATE_SWIFT_ASSET_SYMBOL_EXTENSIONS = YES;
				CLANG_ANALYZER_LOCALIZABILITY_NONLOCALIZED = YES;
				CLANG_WARN_BLOCK_CAPTURE_AUTORELEASING = YES;
				CLANG_WARN_BOOL_CONVERSION = YES;
				CLANG_WARN_COMMA = YES;
				CLANG_WARN_CONSTANT_CONVERSION = YES;
				CLANG_WARN_DEPRECATED_OBJC_IMPLEMENTATIONS = YES;
				CLANG_WARN_EMPTY_BODY = YES;
				CLANG_WARN_ENUM_CONVERSION = YES;
				CLANG_WARN_INFINITE_RECURSION = YES;
				CLANG_WARN_INT_CONVERSION = YES;
				CLANG_WARN_NON_LITERAL_NULL_CONVERSION = YES;
				CLANG_WARN_OBJC_IMPLICIT_RETAIN_SELF = YES;
				CLANG_WARN_OBJC_LITERAL_CONVERSION = YES;
				CLANG_WARN_QUOTED_INCLUDE_IN_FRAMEWORK_HEADER = YES;
				CLANG_WARN_RANGE_LOOP_ANALYSIS = YES;
				CLANG_WARN_STRICT_PROTOTYPES = YES;
				CLANG_WARN_SUSPICIOUS_MOVE = YES;
				CLANG_WARN_UNREACHABLE_CODE = YES;
				CLANG_WARN__DUPLICATE_METHOD_MATCH = YES;
				DEVELOPMENT_TEAM = 4UUEFBYP76;
				ENABLE_STRICT_OBJC_MSGSEND = YES;
				GCC_NO_COMMON_BLOCKS = YES;
				GCC_WARN_64_TO_32_BIT_CONVERSION = YES;
				GCC_WARN_ABOUT_RETURN_TYPE = YES;
				GCC_WARN_UNDECLARED_SELECTOR = YES;
				GCC_WARN_UNINITIALIZED_AUTOS = YES;
				GCC_WARN_UNUSED_FUNCTION = YES;
				GCC_WARN_UNUSED_VARIABLE = YES;
				SDKROOT = iphoneos;
				SWIFT_COMPILATION_MODE = wholemodule;
			};
			name = Release;
		};
		6E48375428EC991200B67CA4 /* Debug */ = {
			isa = XCBuildConfiguration;
			buildSettings = {
				ASSETCATALOG_COMPILER_APPICON_NAME = AppIcon;
				ASSETCATALOG_COMPILER_GLOBAL_ACCENT_COLOR_NAME = AccentColor;
				CLANG_ENABLE_OBJC_WEAK = YES;
				CURRENT_PROJECT_VERSION = 1;
				DEVELOPMENT_ASSET_PATHS = resource/previews;
				GENERATE_INFOPLIST_FILE = YES;
				INFOPLIST_FILE = resource/info.plist;
				INFOPLIST_KEY_CFBundleDisplayName = "Almost?";
				INFOPLIST_KEY_ITSAppUsesNonExemptEncryption = NO;
				INFOPLIST_KEY_LSApplicationCategoryType = "public.app-category.productivity";
				INFOPLIST_KEY_UILaunchStoryboardName = resource/launch.storyboard;
				INFOPLIST_KEY_UIRequiresFullScreen = YES;
				INFOPLIST_KEY_UISupportedInterfaceOrientations = UIInterfaceOrientationPortrait;
				INFOPLIST_KEY_UISupportedInterfaceOrientations_iPad = "UIInterfaceOrientationLandscapeLeft UIInterfaceOrientationLandscapeRight UIInterfaceOrientationPortrait UIInterfaceOrientationPortraitUpsideDown";
				IPHONEOS_DEPLOYMENT_TARGET = 17.6;
				MARKETING_VERSION = 2.0;
				ONLY_ACTIVE_ARCH = YES;
				OTHER_SWIFT_FLAGS = "-DBUILDING_FOR_PREVIEWS";
				PRODUCT_BUNDLE_IDENTIFIER = dev.leolem.keepinon;
				PRODUCT_NAME = "$(TARGET_NAME)";
				SUPPORTED_PLATFORMS = "iphoneos iphonesimulator";
				SWIFT_EMIT_LOC_STRINGS = YES;
				SWIFT_VERSION = 6.0;
				TARGETED_DEVICE_FAMILY = "1,2";
			};
			name = Debug;
		};
		6E48375528EC991200B67CA4 /* Release */ = {
			isa = XCBuildConfiguration;
			buildSettings = {
				ASSETCATALOG_COMPILER_APPICON_NAME = AppIcon;
				ASSETCATALOG_COMPILER_GLOBAL_ACCENT_COLOR_NAME = AccentColor;
				CLANG_ENABLE_OBJC_WEAK = YES;
				CURRENT_PROJECT_VERSION = 1;
				DEVELOPMENT_ASSET_PATHS = resource/previews;
				GENERATE_INFOPLIST_FILE = YES;
				INFOPLIST_FILE = resource/info.plist;
				INFOPLIST_KEY_CFBundleDisplayName = "Almost?";
				INFOPLIST_KEY_ITSAppUsesNonExemptEncryption = NO;
				INFOPLIST_KEY_LSApplicationCategoryType = "public.app-category.productivity";
				INFOPLIST_KEY_UILaunchStoryboardName = resource/launch.storyboard;
				INFOPLIST_KEY_UIRequiresFullScreen = YES;
				INFOPLIST_KEY_UISupportedInterfaceOrientations = UIInterfaceOrientationPortrait;
				INFOPLIST_KEY_UISupportedInterfaceOrientations_iPad = "UIInterfaceOrientationLandscapeLeft UIInterfaceOrientationLandscapeRight UIInterfaceOrientationPortrait UIInterfaceOrientationPortraitUpsideDown";
				IPHONEOS_DEPLOYMENT_TARGET = 17.6;
				MARKETING_VERSION = 2.0;
				OTHER_SWIFT_FLAGS = "";
				PRODUCT_BUNDLE_IDENTIFIER = dev.leolem.keepinon;
				PRODUCT_NAME = "$(TARGET_NAME)";
				SUPPORTED_PLATFORMS = "iphoneos iphonesimulator";
				SWIFT_EMIT_LOC_STRINGS = YES;
				SWIFT_VERSION = 6.0;
				TARGETED_DEVICE_FAMILY = "1,2";
			};
			name = Release;
		};
/* End XCBuildConfiguration section */

/* Begin XCConfigurationList section */
		6E386F2D2D69E001000963DD /* Build configuration list for PBXNativeTarget "AlmostUITests" */ = {
			isa = XCConfigurationList;
			buildConfigurations = (
				6E386F2E2D69E001000963DD /* Debug */,
				6E386F2F2D69E001000963DD /* Release */,
			);
			defaultConfigurationIsVisible = 0;
			defaultConfigurationName = Release;
		};
		6E48374028EC991100B67CA4 /* Build configuration list for PBXProject "portfolio" */ = {
			isa = XCConfigurationList;
			buildConfigurations = (
				6E48375128EC991200B67CA4 /* Debug */,
				6E48375228EC991200B67CA4 /* Release */,
			);
			defaultConfigurationIsVisible = 0;
			defaultConfigurationName = Release;
		};
		6E48375328EC991200B67CA4 /* Build configuration list for PBXNativeTarget "Almost?" */ = {
			isa = XCConfigurationList;
			buildConfigurations = (
				6E48375428EC991200B67CA4 /* Debug */,
				6E48375528EC991200B67CA4 /* Release */,
			);
			defaultConfigurationIsVisible = 0;
			defaultConfigurationName = Release;
		};
/* End XCConfigurationList section */

/* Begin XCRemoteSwiftPackageReference section */
		6E10D4F12D66534700EACE37 /* XCRemoteSwiftPackageReference "SwiftLintPlugins" */ = {
			isa = XCRemoteSwiftPackageReference;
			repositoryURL = "https://github.com/SimplyDanny/SwiftLintPlugins";
			requirement = {
				kind = upToNextMajorVersion;
				minimumVersion = 0.58.2;
			};
		};
		6EB5D4432E2E97900078D1AD /* XCRemoteSwiftPackageReference "firebase-ios-sdk" */ = {
			isa = XCRemoteSwiftPackageReference;
			repositoryURL = "https://github.com/firebase/firebase-ios-sdk";
			requirement = {
				kind = upToNextMajorVersion;
				minimumVersion = 12.0.0;
			};
		};
/* End XCRemoteSwiftPackageReference section */

/* Begin XCSwiftPackageProductDependency section */
		6E10D4F22D66535100EACE37 /* SwiftLintBuildToolPlugin */ = {
			isa = XCSwiftPackageProductDependency;
			package = 6E10D4F12D66534700EACE37 /* XCRemoteSwiftPackageReference "SwiftLintPlugins" */;
			productName = "plugin:SwiftLintBuildToolPlugin";
		};
		6E8275862E3142B300780973 /* FirebaseAuth */ = {
			isa = XCSwiftPackageProductDependency;
			package = 6EB5D4432E2E97900078D1AD /* XCRemoteSwiftPackageReference "firebase-ios-sdk" */;
			productName = FirebaseAuth;
		};
		6E8275892E3142E100780973 /* SwiftUIExtensions */ = {
			isa = XCSwiftPackageProductDependency;
			productName = SwiftUIExtensions;
		};
		6EAEC8852E321A2D0031EDAF /* FirebaseAnalytics */ = {
			isa = XCSwiftPackageProductDependency;
			package = 6EB5D4432E2E97900078D1AD /* XCRemoteSwiftPackageReference "firebase-ios-sdk" */;
			productName = FirebaseAnalytics;
		};
		6EAEC8872E321AAA0031EDAF /* FirebaseCrashlytics */ = {
			isa = XCSwiftPackageProductDependency;
			package = 6EB5D4432E2E97900078D1AD /* XCRemoteSwiftPackageReference "firebase-ios-sdk" */;
			productName = FirebaseCrashlytics;
		};
		6EAEC88E2E322F060031EDAF /* FirebaseRemoteConfig */ = {
			isa = XCSwiftPackageProductDependency;
			package = 6EB5D4432E2E97900078D1AD /* XCRemoteSwiftPackageReference "firebase-ios-sdk" */;
			productName = FirebaseRemoteConfig;
		};
		6EFD09B72E3000A300475D32 /* FirebaseCore */ = {
			isa = XCSwiftPackageProductDependency;
			package = 6EB5D4432E2E97900078D1AD /* XCRemoteSwiftPackageReference "firebase-ios-sdk" */;
			productName = FirebaseCore;
		};
		6EFD09B92E300CE900475D32 /* FirebaseFirestore */ = {
			isa = XCSwiftPackageProductDependency;
			package = 6EB5D4432E2E97900078D1AD /* XCRemoteSwiftPackageReference "firebase-ios-sdk" */;
			productName = FirebaseFirestore;
		};
/* End XCSwiftPackageProductDependency section */
	};
	rootObject = 6E48373D28EC991100B67CA4 /* Project object */;
}
